// !$*UTF8*$!
{
	archiveVersion = 1;
	classes = {
	};
	objectVersion = 55;
	objects = {

/* Begin PBXBuildFile section */
		1CC157AF27C5720C008C6919 /* AppDelegate.swift in Sources */ = {isa = PBXBuildFile; fileRef = 1CC157AE27C5720C008C6919 /* AppDelegate.swift */; };
		1CC157B127C5720C008C6919 /* SceneDelegate.swift in Sources */ = {isa = PBXBuildFile; fileRef = 1CC157B027C5720C008C6919 /* SceneDelegate.swift */; };
		1CC157B827C5720E008C6919 /* Assets.xcassets in Resources */ = {isa = PBXBuildFile; fileRef = 1CC157B727C5720E008C6919 /* Assets.xcassets */; };
		1CC157BB27C5720E008C6919 /* LaunchScreen.storyboard in Resources */ = {isa = PBXBuildFile; fileRef = 1CC157B927C5720E008C6919 /* LaunchScreen.storyboard */; };
		1CC157D027C5720E008C6919 /* ShoppingAppUITests.swift in Sources */ = {isa = PBXBuildFile; fileRef = 1CC157CF27C5720E008C6919 /* ShoppingAppUITests.swift */; };
		1CC157D227C5720E008C6919 /* ShoppingAppUITestsLaunchTests.swift in Sources */ = {isa = PBXBuildFile; fileRef = 1CC157D127C5720E008C6919 /* ShoppingAppUITestsLaunchTests.swift */; };
		1CC157E227C574EE008C6919 /* AppCoordinator.swift in Sources */ = {isa = PBXBuildFile; fileRef = 1CC157E127C574EE008C6919 /* AppCoordinator.swift */; };
		1CC157E427C57508008C6919 /* Coordinator.swift in Sources */ = {isa = PBXBuildFile; fileRef = 1CC157E327C57508008C6919 /* Coordinator.swift */; };
		1CC157E627C5752D008C6919 /* AppContainer.swift in Sources */ = {isa = PBXBuildFile; fileRef = 1CC157E527C5752D008C6919 /* AppContainer.swift */; };
		1CC157E927C57579008C6919 /* ProductListViewController.swift in Sources */ = {isa = PBXBuildFile; fileRef = 1CC157E827C57579008C6919 /* ProductListViewController.swift */; };
		1CC157EB27C5759E008C6919 /* ProductListContracts.swift in Sources */ = {isa = PBXBuildFile; fileRef = 1CC157EA27C5759E008C6919 /* ProductListContracts.swift */; };
		1CC157ED27C575A8008C6919 /* ProductList.storyboard in Resources */ = {isa = PBXBuildFile; fileRef = 1CC157EC27C575A8008C6919 /* ProductList.storyboard */; };
		1CC157EF27C575D0008C6919 /* ProductListCoordinator.swift in Sources */ = {isa = PBXBuildFile; fileRef = 1CC157EE27C575D0008C6919 /* ProductListCoordinator.swift */; };
		1CC157F127C575DA008C6919 /* ProductListViewModel.swift in Sources */ = {isa = PBXBuildFile; fileRef = 1CC157F027C575DA008C6919 /* ProductListViewModel.swift */; };
		1CC157F927C58819008C6919 /* Service in Frameworks */ = {isa = PBXBuildFile; productRef = 1CC157F827C58819008C6919 /* Service */; };
		1CC157FC27C81FA4008C6919 /* ProductCell.swift in Sources */ = {isa = PBXBuildFile; fileRef = 1CC157FB27C81FA4008C6919 /* ProductCell.swift */; };
		1CC157FE27C81FAD008C6919 /* ProductCell.xib in Resources */ = {isa = PBXBuildFile; fileRef = 1CC157FD27C81FAD008C6919 /* ProductCell.xib */; };
		1CC1580027C824DA008C6919 /* ProductCellViewModel.swift in Sources */ = {isa = PBXBuildFile; fileRef = 1CC157FF27C824DA008C6919 /* ProductCellViewModel.swift */; };
		1CC1580327C825A9008C6919 /* SDWebImage in Frameworks */ = {isa = PBXBuildFile; productRef = 1CC1580227C825A9008C6919 /* SDWebImage */; };
		1CC1580627C8413C008C6919 /* UITableViewExtensions.swift in Sources */ = {isa = PBXBuildFile; fileRef = 1CC1580527C8413C008C6919 /* UITableViewExtensions.swift */; };
		1CC1580827C84340008C6919 /* BaseViewController.swift in Sources */ = {isa = PBXBuildFile; fileRef = 1CC1580727C84340008C6919 /* BaseViewController.swift */; };
		1CC1584D27C95919008C6919 /* ProductListViewControllerTests.swift in Sources */ = {isa = PBXBuildFile; fileRef = 1CC1584C27C95919008C6919 /* ProductListViewControllerTests.swift */; };
		1CC1585127C9598D008C6919 /* ProductListViewModelSpy.swift in Sources */ = {isa = PBXBuildFile; fileRef = 1CC1585027C9598D008C6919 /* ProductListViewModelSpy.swift */; };
		1CC1585427C9638D008C6919 /* ProductListViewModelTests.swift in Sources */ = {isa = PBXBuildFile; fileRef = 1CC1585327C9638D008C6919 /* ProductListViewModelTests.swift */; };
		1CC1585627C963CC008C6919 /* ShoppingServiceSpy.swift in Sources */ = {isa = PBXBuildFile; fileRef = 1CC1585527C963CC008C6919 /* ShoppingServiceSpy.swift */; };
		1CC1585827C96520008C6919 /* search-response.json in Resources */ = {isa = PBXBuildFile; fileRef = 1CC1585727C96520008C6919 /* search-response.json */; };
		1CC1586427C9884B008C6919 /* DoubleExtensions.swift in Sources */ = {isa = PBXBuildFile; fileRef = 1CC1586327C9884B008C6919 /* DoubleExtensions.swift */; };
/* End PBXBuildFile section */

/* Begin PBXContainerItemProxy section */
		1CC157C227C5720E008C6919 /* PBXContainerItemProxy */ = {
			isa = PBXContainerItemProxy;
			containerPortal = 1CC157A327C5720C008C6919 /* Project object */;
			proxyType = 1;
			remoteGlobalIDString = 1CC157AA27C5720C008C6919;
			remoteInfo = ShoppingApp;
		};
		1CC157CC27C5720E008C6919 /* PBXContainerItemProxy */ = {
			isa = PBXContainerItemProxy;
			containerPortal = 1CC157A327C5720C008C6919 /* Project object */;
			proxyType = 1;
			remoteGlobalIDString = 1CC157AA27C5720C008C6919;
			remoteInfo = ShoppingApp;
		};
/* End PBXContainerItemProxy section */

/* Begin PBXFileReference section */
		1CC157AB27C5720C008C6919 /* ShoppingApp.app */ = {isa = PBXFileReference; explicitFileType = wrapper.application; includeInIndex = 0; path = ShoppingApp.app; sourceTree = BUILT_PRODUCTS_DIR; };
		1CC157AE27C5720C008C6919 /* AppDelegate.swift */ = {isa = PBXFileReference; lastKnownFileType = sourcecode.swift; path = AppDelegate.swift; sourceTree = "<group>"; };
		1CC157B027C5720C008C6919 /* SceneDelegate.swift */ = {isa = PBXFileReference; lastKnownFileType = sourcecode.swift; path = SceneDelegate.swift; sourceTree = "<group>"; };
		1CC157B727C5720E008C6919 /* Assets.xcassets */ = {isa = PBXFileReference; lastKnownFileType = folder.assetcatalog; path = Assets.xcassets; sourceTree = "<group>"; };
		1CC157BA27C5720E008C6919 /* Base */ = {isa = PBXFileReference; lastKnownFileType = file.storyboard; name = Base; path = Base.lproj/LaunchScreen.storyboard; sourceTree = "<group>"; };
		1CC157BC27C5720E008C6919 /* Info.plist */ = {isa = PBXFileReference; lastKnownFileType = text.plist.xml; path = Info.plist; sourceTree = "<group>"; };
		1CC157C127C5720E008C6919 /* ShoppingAppTests.xctest */ = {isa = PBXFileReference; explicitFileType = wrapper.cfbundle; includeInIndex = 0; path = ShoppingAppTests.xctest; sourceTree = BUILT_PRODUCTS_DIR; };
		1CC157CB27C5720E008C6919 /* ShoppingAppUITests.xctest */ = {isa = PBXFileReference; explicitFileType = wrapper.cfbundle; includeInIndex = 0; path = ShoppingAppUITests.xctest; sourceTree = BUILT_PRODUCTS_DIR; };
		1CC157CF27C5720E008C6919 /* ShoppingAppUITests.swift */ = {isa = PBXFileReference; lastKnownFileType = sourcecode.swift; path = ShoppingAppUITests.swift; sourceTree = "<group>"; };
		1CC157D127C5720E008C6919 /* ShoppingAppUITestsLaunchTests.swift */ = {isa = PBXFileReference; lastKnownFileType = sourcecode.swift; path = ShoppingAppUITestsLaunchTests.swift; sourceTree = "<group>"; };
		1CC157E127C574EE008C6919 /* AppCoordinator.swift */ = {isa = PBXFileReference; lastKnownFileType = sourcecode.swift; path = AppCoordinator.swift; sourceTree = "<group>"; };
		1CC157E327C57508008C6919 /* Coordinator.swift */ = {isa = PBXFileReference; lastKnownFileType = sourcecode.swift; path = Coordinator.swift; sourceTree = "<group>"; };
		1CC157E527C5752D008C6919 /* AppContainer.swift */ = {isa = PBXFileReference; lastKnownFileType = sourcecode.swift; path = AppContainer.swift; sourceTree = "<group>"; };
		1CC157E827C57579008C6919 /* ProductListViewController.swift */ = {isa = PBXFileReference; lastKnownFileType = sourcecode.swift; path = ProductListViewController.swift; sourceTree = "<group>"; };
		1CC157EA27C5759E008C6919 /* ProductListContracts.swift */ = {isa = PBXFileReference; lastKnownFileType = sourcecode.swift; path = ProductListContracts.swift; sourceTree = "<group>"; };
		1CC157EC27C575A8008C6919 /* ProductList.storyboard */ = {isa = PBXFileReference; lastKnownFileType = file.storyboard; path = ProductList.storyboard; sourceTree = "<group>"; };
		1CC157EE27C575D0008C6919 /* ProductListCoordinator.swift */ = {isa = PBXFileReference; lastKnownFileType = sourcecode.swift; path = ProductListCoordinator.swift; sourceTree = "<group>"; };
		1CC157F027C575DA008C6919 /* ProductListViewModel.swift */ = {isa = PBXFileReference; lastKnownFileType = sourcecode.swift; path = ProductListViewModel.swift; sourceTree = "<group>"; };
		1CC157F427C57E7A008C6919 /* Service */ = {isa = PBXFileReference; lastKnownFileType = wrapper; path = Service; sourceTree = "<group>"; };
		1CC157FB27C81FA4008C6919 /* ProductCell.swift */ = {isa = PBXFileReference; lastKnownFileType = sourcecode.swift; path = ProductCell.swift; sourceTree = "<group>"; };
		1CC157FD27C81FAD008C6919 /* ProductCell.xib */ = {isa = PBXFileReference; lastKnownFileType = file.xib; path = ProductCell.xib; sourceTree = "<group>"; };
		1CC157FF27C824DA008C6919 /* ProductCellViewModel.swift */ = {isa = PBXFileReference; lastKnownFileType = sourcecode.swift; path = ProductCellViewModel.swift; sourceTree = "<group>"; };
		1CC1580527C8413C008C6919 /* UITableViewExtensions.swift */ = {isa = PBXFileReference; lastKnownFileType = sourcecode.swift; path = UITableViewExtensions.swift; sourceTree = "<group>"; };
		1CC1580727C84340008C6919 /* BaseViewController.swift */ = {isa = PBXFileReference; lastKnownFileType = sourcecode.swift; path = BaseViewController.swift; sourceTree = "<group>"; };
		1CC1584C27C95919008C6919 /* ProductListViewControllerTests.swift */ = {isa = PBXFileReference; lastKnownFileType = sourcecode.swift; path = ProductListViewControllerTests.swift; sourceTree = "<group>"; };
		1CC1585027C9598D008C6919 /* ProductListViewModelSpy.swift */ = {isa = PBXFileReference; lastKnownFileType = sourcecode.swift; path = ProductListViewModelSpy.swift; sourceTree = "<group>"; };
		1CC1585327C9638D008C6919 /* ProductListViewModelTests.swift */ = {isa = PBXFileReference; lastKnownFileType = sourcecode.swift; path = ProductListViewModelTests.swift; sourceTree = "<group>"; };
		1CC1585527C963CC008C6919 /* ShoppingServiceSpy.swift */ = {isa = PBXFileReference; lastKnownFileType = sourcecode.swift; path = ShoppingServiceSpy.swift; sourceTree = "<group>"; };
		1CC1585727C96520008C6919 /* search-response.json */ = {isa = PBXFileReference; fileEncoding = 4; lastKnownFileType = text.json; path = "search-response.json"; sourceTree = "<group>"; };
		1CC1586327C9884B008C6919 /* DoubleExtensions.swift */ = {isa = PBXFileReference; lastKnownFileType = sourcecode.swift; path = DoubleExtensions.swift; sourceTree = "<group>"; };
/* End PBXFileReference section */

/* Begin PBXFrameworksBuildPhase section */
		1CC157A827C5720C008C6919 /* Frameworks */ = {
			isa = PBXFrameworksBuildPhase;
			buildActionMask = 2147483647;
			files = (
				1CC1580327C825A9008C6919 /* SDWebImage in Frameworks */,
				1CC157F927C58819008C6919 /* Service in Frameworks */,
			);
			runOnlyForDeploymentPostprocessing = 0;
		};
		1CC157BE27C5720E008C6919 /* Frameworks */ = {
			isa = PBXFrameworksBuildPhase;
			buildActionMask = 2147483647;
			files = (
			);
			runOnlyForDeploymentPostprocessing = 0;
		};
		1CC157C827C5720E008C6919 /* Frameworks */ = {
			isa = PBXFrameworksBuildPhase;
			buildActionMask = 2147483647;
			files = (
			);
			runOnlyForDeploymentPostprocessing = 0;
		};
/* End PBXFrameworksBuildPhase section */

/* Begin PBXGroup section */
		1CC157A227C5720C008C6919 = {
			isa = PBXGroup;
			children = (
				1CC157F427C57E7A008C6919 /* Service */,
				1CC157AD27C5720C008C6919 /* ShoppingApp */,
				1CC157C427C5720E008C6919 /* ShoppingAppTests */,
				1CC157CE27C5720E008C6919 /* ShoppingAppUITests */,
				1CC157AC27C5720C008C6919 /* Products */,
				1CC157F527C58795008C6919 /* Frameworks */,
			);
			sourceTree = "<group>";
		};
		1CC157AC27C5720C008C6919 /* Products */ = {
			isa = PBXGroup;
			children = (
				1CC157AB27C5720C008C6919 /* ShoppingApp.app */,
				1CC157C127C5720E008C6919 /* ShoppingAppTests.xctest */,
				1CC157CB27C5720E008C6919 /* ShoppingAppUITests.xctest */,
			);
			name = Products;
			sourceTree = "<group>";
		};
		1CC157AD27C5720C008C6919 /* ShoppingApp */ = {
			isa = PBXGroup;
			children = (
				1CC157E027C574C0008C6919 /* App */,
				1CC157E727C5756B008C6919 /* Scene */,
				1CC1580427C84129008C6919 /* Extension */,
				1CC157F227C57BEE008C6919 /* Resources */,
				1CC157B927C5720E008C6919 /* LaunchScreen.storyboard */,
				1CC157BC27C5720E008C6919 /* Info.plist */,
			);
			path = ShoppingApp;
			sourceTree = "<group>";
		};
		1CC157C427C5720E008C6919 /* ShoppingAppTests */ = {
			isa = PBXGroup;
			children = (
				1CC1584B27C958E5008C6919 /* Scene */,
			);
			path = ShoppingAppTests;
			sourceTree = "<group>";
		};
		1CC157CE27C5720E008C6919 /* ShoppingAppUITests */ = {
			isa = PBXGroup;
			children = (
				1CC157CF27C5720E008C6919 /* ShoppingAppUITests.swift */,
				1CC157D127C5720E008C6919 /* ShoppingAppUITestsLaunchTests.swift */,
			);
			path = ShoppingAppUITests;
			sourceTree = "<group>";
		};
		1CC157E027C574C0008C6919 /* App */ = {
			isa = PBXGroup;
			children = (
				1CC157AE27C5720C008C6919 /* AppDelegate.swift */,
				1CC157B027C5720C008C6919 /* SceneDelegate.swift */,
				1CC157E127C574EE008C6919 /* AppCoordinator.swift */,
				1CC157E327C57508008C6919 /* Coordinator.swift */,
				1CC157E527C5752D008C6919 /* AppContainer.swift */,
			);
			path = App;
			sourceTree = "<group>";
		};
		1CC157E727C5756B008C6919 /* Scene */ = {
			isa = PBXGroup;
			children = (
				1CC1580927C8437A008C6919 /* Base */,
				1CC1584E27C95920008C6919 /* ProductList */,
			);
			path = Scene;
			sourceTree = "<group>";
		};
		1CC157F227C57BEE008C6919 /* Resources */ = {
			isa = PBXGroup;
			children = (
				1CC157B727C5720E008C6919 /* Assets.xcassets */,
			);
			path = Resources;
			sourceTree = "<group>";
		};
		1CC157F527C58795008C6919 /* Frameworks */ = {
			isa = PBXGroup;
			children = (
			);
			name = Frameworks;
			sourceTree = "<group>";
		};
		1CC157FA27C81F94008C6919 /* Views */ = {
			isa = PBXGroup;
			children = (
				1CC157FB27C81FA4008C6919 /* ProductCell.swift */,
				1CC157FD27C81FAD008C6919 /* ProductCell.xib */,
				1CC157FF27C824DA008C6919 /* ProductCellViewModel.swift */,
			);
			path = Views;
			sourceTree = "<group>";
		};
		1CC1580427C84129008C6919 /* Extension */ = {
			isa = PBXGroup;
			children = (
				1CC1580527C8413C008C6919 /* UITableViewExtensions.swift */,
				1CC1586327C9884B008C6919 /* DoubleExtensions.swift */,
			);
			path = Extension;
			sourceTree = "<group>";
		};
		1CC1580927C8437A008C6919 /* Base */ = {
			isa = PBXGroup;
			children = (
				1CC1580727C84340008C6919 /* BaseViewController.swift */,
			);
			path = Base;
			sourceTree = "<group>";
		};
		1CC1584B27C958E5008C6919 /* Scene */ = {
			isa = PBXGroup;
			children = (
				1CC1585927C96522008C6919 /* Mock */,
				1CC1585227C9636D008C6919 /* ProductList */,
			);
			path = Scene;
			sourceTree = "<group>";
		};
		1CC1584E27C95920008C6919 /* ProductList */ = {
			isa = PBXGroup;
			children = (
				1CC157FA27C81F94008C6919 /* Views */,
				1CC157EE27C575D0008C6919 /* ProductListCoordinator.swift */,
				1CC157EA27C5759E008C6919 /* ProductListContracts.swift */,
				1CC157EC27C575A8008C6919 /* ProductList.storyboard */,
				1CC157E827C57579008C6919 /* ProductListViewController.swift */,
				1CC157F027C575DA008C6919 /* ProductListViewModel.swift */,
			);
			path = ProductList;
			sourceTree = "<group>";
		};
		1CC1584F27C9597B008C6919 /* Spy */ = {
			isa = PBXGroup;
			children = (
				1CC1585027C9598D008C6919 /* ProductListViewModelSpy.swift */,
				1CC1585527C963CC008C6919 /* ShoppingServiceSpy.swift */,
			);
			path = Spy;
			sourceTree = "<group>";
		};
		1CC1585227C9636D008C6919 /* ProductList */ = {
			isa = PBXGroup;
			children = (
				1CC1584F27C9597B008C6919 /* Spy */,
				1CC1584C27C95919008C6919 /* ProductListViewControllerTests.swift */,
				1CC1585327C9638D008C6919 /* ProductListViewModelTests.swift */,
			);
			path = ProductList;
			sourceTree = "<group>";
		};
		1CC1585927C96522008C6919 /* Mock */ = {
			isa = PBXGroup;
			children = (
				1CC1585727C96520008C6919 /* search-response.json */,
			);
			path = Mock;
			sourceTree = "<group>";
		};
/* End PBXGroup section */

/* Begin PBXNativeTarget section */
		1CC157AA27C5720C008C6919 /* ShoppingApp */ = {
			isa = PBXNativeTarget;
			buildConfigurationList = 1CC157D527C5720E008C6919 /* Build configuration list for PBXNativeTarget "ShoppingApp" */;
			buildPhases = (
				1CC157A727C5720C008C6919 /* Sources */,
				1CC157A827C5720C008C6919 /* Frameworks */,
				1CC157A927C5720C008C6919 /* Resources */,
			);
			buildRules = (
			);
			dependencies = (
			);
			name = ShoppingApp;
			packageProductDependencies = (
				1CC157F827C58819008C6919 /* Service */,
				1CC1580227C825A9008C6919 /* SDWebImage */,
			);
			productName = ShoppingApp;
			productReference = 1CC157AB27C5720C008C6919 /* ShoppingApp.app */;
			productType = "com.apple.product-type.application";
		};
		1CC157C027C5720E008C6919 /* ShoppingAppTests */ = {
			isa = PBXNativeTarget;
			buildConfigurationList = 1CC157D827C5720E008C6919 /* Build configuration list for PBXNativeTarget "ShoppingAppTests" */;
			buildPhases = (
				1CC157BD27C5720E008C6919 /* Sources */,
				1CC157BE27C5720E008C6919 /* Frameworks */,
				1CC157BF27C5720E008C6919 /* Resources */,
			);
			buildRules = (
			);
			dependencies = (
				1CC157C327C5720E008C6919 /* PBXTargetDependency */,
			);
			name = ShoppingAppTests;
			productName = ShoppingAppTests;
			productReference = 1CC157C127C5720E008C6919 /* ShoppingAppTests.xctest */;
			productType = "com.apple.product-type.bundle.unit-test";
		};
		1CC157CA27C5720E008C6919 /* ShoppingAppUITests */ = {
			isa = PBXNativeTarget;
			buildConfigurationList = 1CC157DB27C5720E008C6919 /* Build configuration list for PBXNativeTarget "ShoppingAppUITests" */;
			buildPhases = (
				1CC157C727C5720E008C6919 /* Sources */,
				1CC157C827C5720E008C6919 /* Frameworks */,
				1CC157C927C5720E008C6919 /* Resources */,
			);
			buildRules = (
			);
			dependencies = (
				1CC157CD27C5720E008C6919 /* PBXTargetDependency */,
			);
			name = ShoppingAppUITests;
			productName = ShoppingAppUITests;
			productReference = 1CC157CB27C5720E008C6919 /* ShoppingAppUITests.xctest */;
			productType = "com.apple.product-type.bundle.ui-testing";
		};
/* End PBXNativeTarget section */

/* Begin PBXProject section */
		1CC157A327C5720C008C6919 /* Project object */ = {
			isa = PBXProject;
			attributes = {
				BuildIndependentTargetsInParallel = 1;
				LastSwiftUpdateCheck = 1320;
				LastUpgradeCheck = 1320;
				TargetAttributes = {
					1CC157AA27C5720C008C6919 = {
						CreatedOnToolsVersion = 13.2.1;
					};
					1CC157C027C5720E008C6919 = {
						CreatedOnToolsVersion = 13.2.1;
						TestTargetID = 1CC157AA27C5720C008C6919;
					};
					1CC157CA27C5720E008C6919 = {
						CreatedOnToolsVersion = 13.2.1;
						TestTargetID = 1CC157AA27C5720C008C6919;
					};
				};
			};
			buildConfigurationList = 1CC157A627C5720C008C6919 /* Build configuration list for PBXProject "ShoppingApp" */;
			compatibilityVersion = "Xcode 13.0";
			developmentRegion = en;
			hasScannedForEncodings = 0;
			knownRegions = (
				en,
				Base,
			);
			mainGroup = 1CC157A227C5720C008C6919;
			packageReferences = (
				1CC1580127C825A9008C6919 /* XCRemoteSwiftPackageReference "SDWebImage" */,
			);
			productRefGroup = 1CC157AC27C5720C008C6919 /* Products */;
			projectDirPath = "";
			projectRoot = "";
			targets = (
				1CC157AA27C5720C008C6919 /* ShoppingApp */,
				1CC157C027C5720E008C6919 /* ShoppingAppTests */,
				1CC157CA27C5720E008C6919 /* ShoppingAppUITests */,
			);
		};
/* End PBXProject section */

/* Begin PBXResourcesBuildPhase section */
		1CC157A927C5720C008C6919 /* Resources */ = {
			isa = PBXResourcesBuildPhase;
			buildActionMask = 2147483647;
			files = (
				1CC157BB27C5720E008C6919 /* LaunchScreen.storyboard in Resources */,
				1CC157FE27C81FAD008C6919 /* ProductCell.xib in Resources */,
				1CC157B827C5720E008C6919 /* Assets.xcassets in Resources */,
				1CC157ED27C575A8008C6919 /* ProductList.storyboard in Resources */,
			);
			runOnlyForDeploymentPostprocessing = 0;
		};
		1CC157BF27C5720E008C6919 /* Resources */ = {
			isa = PBXResourcesBuildPhase;
			buildActionMask = 2147483647;
			files = (
				1CC1585827C96520008C6919 /* search-response.json in Resources */,
			);
			runOnlyForDeploymentPostprocessing = 0;
		};
		1CC157C927C5720E008C6919 /* Resources */ = {
			isa = PBXResourcesBuildPhase;
			buildActionMask = 2147483647;
			files = (
			);
			runOnlyForDeploymentPostprocessing = 0;
		};
/* End PBXResourcesBuildPhase section */

/* Begin PBXSourcesBuildPhase section */
		1CC157A727C5720C008C6919 /* Sources */ = {
			isa = PBXSourcesBuildPhase;
			buildActionMask = 2147483647;
			files = (
				1CC1580027C824DA008C6919 /* ProductCellViewModel.swift in Sources */,
				1CC157E227C574EE008C6919 /* AppCoordinator.swift in Sources */,
				1CC157E927C57579008C6919 /* ProductListViewController.swift in Sources */,
				1CC1580627C8413C008C6919 /* UITableViewExtensions.swift in Sources */,
				1CC1586427C9884B008C6919 /* DoubleExtensions.swift in Sources */,
				1CC157EB27C5759E008C6919 /* ProductListContracts.swift in Sources */,
				1CC157EF27C575D0008C6919 /* ProductListCoordinator.swift in Sources */,
				1CC157E427C57508008C6919 /* Coordinator.swift in Sources */,
				1CC157F127C575DA008C6919 /* ProductListViewModel.swift in Sources */,
				1CC157AF27C5720C008C6919 /* AppDelegate.swift in Sources */,
				1CC1580827C84340008C6919 /* BaseViewController.swift in Sources */,
				1CC157FC27C81FA4008C6919 /* ProductCell.swift in Sources */,
				1CC157B127C5720C008C6919 /* SceneDelegate.swift in Sources */,
				1CC157E627C5752D008C6919 /* AppContainer.swift in Sources */,
			);
			runOnlyForDeploymentPostprocessing = 0;
		};
		1CC157BD27C5720E008C6919 /* Sources */ = {
			isa = PBXSourcesBuildPhase;
			buildActionMask = 2147483647;
			files = (
				1CC1585627C963CC008C6919 /* ShoppingServiceSpy.swift in Sources */,
				1CC1584D27C95919008C6919 /* ProductListViewControllerTests.swift in Sources */,
				1CC1585127C9598D008C6919 /* ProductListViewModelSpy.swift in Sources */,
				1CC1585427C9638D008C6919 /* ProductListViewModelTests.swift in Sources */,
			);
			runOnlyForDeploymentPostprocessing = 0;
		};
		1CC157C727C5720E008C6919 /* Sources */ = {
			isa = PBXSourcesBuildPhase;
			buildActionMask = 2147483647;
			files = (
				1CC157D227C5720E008C6919 /* ShoppingAppUITestsLaunchTests.swift in Sources */,
				1CC157D027C5720E008C6919 /* ShoppingAppUITests.swift in Sources */,
			);
			runOnlyForDeploymentPostprocessing = 0;
		};
/* End PBXSourcesBuildPhase section */

/* Begin PBXTargetDependency section */
		1CC157C327C5720E008C6919 /* PBXTargetDependency */ = {
			isa = PBXTargetDependency;
			target = 1CC157AA27C5720C008C6919 /* ShoppingApp */;
			targetProxy = 1CC157C227C5720E008C6919 /* PBXContainerItemProxy */;
		};
		1CC157CD27C5720E008C6919 /* PBXTargetDependency */ = {
			isa = PBXTargetDependency;
			target = 1CC157AA27C5720C008C6919 /* ShoppingApp */;
			targetProxy = 1CC157CC27C5720E008C6919 /* PBXContainerItemProxy */;
		};
/* End PBXTargetDependency section */

/* Begin PBXVariantGroup section */
		1CC157B927C5720E008C6919 /* LaunchScreen.storyboard */ = {
			isa = PBXVariantGroup;
			children = (
				1CC157BA27C5720E008C6919 /* Base */,
			);
			name = LaunchScreen.storyboard;
			sourceTree = "<group>";
		};
/* End PBXVariantGroup section */

/* Begin XCBuildConfiguration section */
		1CC157D327C5720E008C6919 /* Debug */ = {
			isa = XCBuildConfiguration;
			buildSettings = {
				ALWAYS_SEARCH_USER_PATHS = NO;
				CLANG_ANALYZER_NONNULL = YES;
				CLANG_ANALYZER_NUMBER_OBJECT_CONVERSION = YES_AGGRESSIVE;
				CLANG_CXX_LANGUAGE_STANDARD = "gnu++17";
				CLANG_CXX_LIBRARY = "libc++";
				CLANG_ENABLE_MODULES = YES;
				CLANG_ENABLE_OBJC_ARC = YES;
				CLANG_ENABLE_OBJC_WEAK = YES;
				CLANG_WARN_BLOCK_CAPTURE_AUTORELEASING = YES;
				CLANG_WARN_BOOL_CONVERSION = YES;
				CLANG_WARN_COMMA = YES;
				CLANG_WARN_CONSTANT_CONVERSION = YES;
				CLANG_WARN_DEPRECATED_OBJC_IMPLEMENTATIONS = YES;
				CLANG_WARN_DIRECT_OBJC_ISA_USAGE = YES_ERROR;
				CLANG_WARN_DOCUMENTATION_COMMENTS = YES;
				CLANG_WARN_EMPTY_BODY = YES;
				CLANG_WARN_ENUM_CONVERSION = YES;
				CLANG_WARN_INFINITE_RECURSION = YES;
				CLANG_WARN_INT_CONVERSION = YES;
				CLANG_WARN_NON_LITERAL_NULL_CONVERSION = YES;
				CLANG_WARN_OBJC_IMPLICIT_RETAIN_SELF = YES;
				CLANG_WARN_OBJC_LITERAL_CONVERSION = YES;
				CLANG_WARN_OBJC_ROOT_CLASS = YES_ERROR;
				CLANG_WARN_QUOTED_INCLUDE_IN_FRAMEWORK_HEADER = YES;
				CLANG_WARN_RANGE_LOOP_ANALYSIS = YES;
				CLANG_WARN_STRICT_PROTOTYPES = YES;
				CLANG_WARN_SUSPICIOUS_MOVE = YES;
				CLANG_WARN_UNGUARDED_AVAILABILITY = YES_AGGRESSIVE;
				CLANG_WARN_UNREACHABLE_CODE = YES;
				CLANG_WARN__DUPLICATE_METHOD_MATCH = YES;
				COPY_PHASE_STRIP = NO;
				DEBUG_INFORMATION_FORMAT = dwarf;
				ENABLE_STRICT_OBJC_MSGSEND = YES;
				ENABLE_TESTABILITY = YES;
				GCC_C_LANGUAGE_STANDARD = gnu11;
				GCC_DYNAMIC_NO_PIC = NO;
				GCC_NO_COMMON_BLOCKS = YES;
				GCC_OPTIMIZATION_LEVEL = 0;
				GCC_PREPROCESSOR_DEFINITIONS = (
					"DEBUG=1",
					"$(inherited)",
				);
				GCC_WARN_64_TO_32_BIT_CONVERSION = YES;
				GCC_WARN_ABOUT_RETURN_TYPE = YES_ERROR;
				GCC_WARN_UNDECLARED_SELECTOR = YES;
				GCC_WARN_UNINITIALIZED_AUTOS = YES_AGGRESSIVE;
				GCC_WARN_UNUSED_FUNCTION = YES;
				GCC_WARN_UNUSED_VARIABLE = YES;
				IPHONEOS_DEPLOYMENT_TARGET = 15.2;
				MTL_ENABLE_DEBUG_INFO = INCLUDE_SOURCE;
				MTL_FAST_MATH = YES;
				ONLY_ACTIVE_ARCH = YES;
				SDKROOT = iphoneos;
				SWIFT_ACTIVE_COMPILATION_CONDITIONS = DEBUG;
				SWIFT_OPTIMIZATION_LEVEL = "-Onone";
			};
			name = Debug;
		};
		1CC157D427C5720E008C6919 /* Release */ = {
			isa = XCBuildConfiguration;
			buildSettings = {
				ALWAYS_SEARCH_USER_PATHS = NO;
				CLANG_ANALYZER_NONNULL = YES;
				CLANG_ANALYZER_NUMBER_OBJECT_CONVERSION = YES_AGGRESSIVE;
				CLANG_CXX_LANGUAGE_STANDARD = "gnu++17";
				CLANG_CXX_LIBRARY = "libc++";
				CLANG_ENABLE_MODULES = YES;
				CLANG_ENABLE_OBJC_ARC = YES;
				CLANG_ENABLE_OBJC_WEAK = YES;
				CLANG_WARN_BLOCK_CAPTURE_AUTORELEASING = YES;
				CLANG_WARN_BOOL_CONVERSION = YES;
				CLANG_WARN_COMMA = YES;
				CLANG_WARN_CONSTANT_CONVERSION = YES;
				CLANG_WARN_DEPRECATED_OBJC_IMPLEMENTATIONS = YES;
				CLANG_WARN_DIRECT_OBJC_ISA_USAGE = YES_ERROR;
				CLANG_WARN_DOCUMENTATION_COMMENTS = YES;
				CLANG_WARN_EMPTY_BODY = YES;
				CLANG_WARN_ENUM_CONVERSION = YES;
				CLANG_WARN_INFINITE_RECURSION = YES;
				CLANG_WARN_INT_CONVERSION = YES;
				CLANG_WARN_NON_LITERAL_NULL_CONVERSION = YES;
				CLANG_WARN_OBJC_IMPLICIT_RETAIN_SELF = YES;
				CLANG_WARN_OBJC_LITERAL_CONVERSION = YES;
				CLANG_WARN_OBJC_ROOT_CLASS = YES_ERROR;
				CLANG_WARN_QUOTED_INCLUDE_IN_FRAMEWORK_HEADER = YES;
				CLANG_WARN_RANGE_LOOP_ANALYSIS = YES;
				CLANG_WARN_STRICT_PROTOTYPES = YES;
				CLANG_WARN_SUSPICIOUS_MOVE = YES;
				CLANG_WARN_UNGUARDED_AVAILABILITY = YES_AGGRESSIVE;
				CLANG_WARN_UNREACHABLE_CODE = YES;
				CLANG_WARN__DUPLICATE_METHOD_MATCH = YES;
				COPY_PHASE_STRIP = NO;
				DEBUG_INFORMATION_FORMAT = "dwarf-with-dsym";
				ENABLE_NS_ASSERTIONS = NO;
				ENABLE_STRICT_OBJC_MSGSEND = YES;
				GCC_C_LANGUAGE_STANDARD = gnu11;
				GCC_NO_COMMON_BLOCKS = YES;
				GCC_WARN_64_TO_32_BIT_CONVERSION = YES;
				GCC_WARN_ABOUT_RETURN_TYPE = YES_ERROR;
				GCC_WARN_UNDECLARED_SELECTOR = YES;
				GCC_WARN_UNINITIALIZED_AUTOS = YES_AGGRESSIVE;
				GCC_WARN_UNUSED_FUNCTION = YES;
				GCC_WARN_UNUSED_VARIABLE = YES;
				IPHONEOS_DEPLOYMENT_TARGET = 15.2;
				MTL_ENABLE_DEBUG_INFO = NO;
				MTL_FAST_MATH = YES;
				SDKROOT = iphoneos;
				SWIFT_COMPILATION_MODE = wholemodule;
				SWIFT_OPTIMIZATION_LEVEL = "-O";
				VALIDATE_PRODUCT = YES;
			};
			name = Release;
		};
		1CC157D627C5720E008C6919 /* Debug */ = {
			isa = XCBuildConfiguration;
			buildSettings = {
				ASSETCATALOG_COMPILER_APPICON_NAME = AppIcon;
				ASSETCATALOG_COMPILER_GLOBAL_ACCENT_COLOR_NAME = AccentColor;
				CODE_SIGN_STYLE = Automatic;
				CURRENT_PROJECT_VERSION = 1;
				DEVELOPMENT_TEAM = 4T8PQU423F;
				GENERATE_INFOPLIST_FILE = YES;
				INFOPLIST_FILE = ShoppingApp/Info.plist;
				INFOPLIST_KEY_UIApplicationSupportsIndirectInputEvents = YES;
				INFOPLIST_KEY_UILaunchStoryboardName = LaunchScreen;
				INFOPLIST_KEY_UISupportedInterfaceOrientations_iPad = "UIInterfaceOrientationPortrait UIInterfaceOrientationPortraitUpsideDown UIInterfaceOrientationLandscapeLeft UIInterfaceOrientationLandscapeRight";
				INFOPLIST_KEY_UISupportedInterfaceOrientations_iPhone = "UIInterfaceOrientationPortrait UIInterfaceOrientationLandscapeLeft UIInterfaceOrientationLandscapeRight";
				IPHONEOS_DEPLOYMENT_TARGET = 14.0;
				LD_RUNPATH_SEARCH_PATHS = (
					"$(inherited)",
					"@executable_path/Frameworks",
				);
				MARKETING_VERSION = 1.0;
				PRODUCT_BUNDLE_IDENTIFIER = com.gizemfitoz.ShoppingApp;
				PRODUCT_NAME = "$(TARGET_NAME)";
				SWIFT_EMIT_LOC_STRINGS = YES;
				SWIFT_VERSION = 5.0;
				TARGETED_DEVICE_FAMILY = "1,2";
			};
			name = Debug;
		};
		1CC157D727C5720E008C6919 /* Release */ = {
			isa = XCBuildConfiguration;
			buildSettings = {
				ASSETCATALOG_COMPILER_APPICON_NAME = AppIcon;
				ASSETCATALOG_COMPILER_GLOBAL_ACCENT_COLOR_NAME = AccentColor;
				CODE_SIGN_STYLE = Automatic;
				CURRENT_PROJECT_VERSION = 1;
				DEVELOPMENT_TEAM = 4T8PQU423F;
				GENERATE_INFOPLIST_FILE = YES;
				INFOPLIST_FILE = ShoppingApp/Info.plist;
				INFOPLIST_KEY_UIApplicationSupportsIndirectInputEvents = YES;
				INFOPLIST_KEY_UILaunchStoryboardName = LaunchScreen;
				INFOPLIST_KEY_UISupportedInterfaceOrientations_iPad = "UIInterfaceOrientationPortrait UIInterfaceOrientationPortraitUpsideDown UIInterfaceOrientationLandscapeLeft UIInterfaceOrientationLandscapeRight";
				INFOPLIST_KEY_UISupportedInterfaceOrientations_iPhone = "UIInterfaceOrientationPortrait UIInterfaceOrientationLandscapeLeft UIInterfaceOrientationLandscapeRight";
				IPHONEOS_DEPLOYMENT_TARGET = 14.0;
				LD_RUNPATH_SEARCH_PATHS = (
					"$(inherited)",
					"@executable_path/Frameworks",
				);
				MARKETING_VERSION = 1.0;
				PRODUCT_BUNDLE_IDENTIFIER = com.gizemfitoz.ShoppingApp;
				PRODUCT_NAME = "$(TARGET_NAME)";
				SWIFT_EMIT_LOC_STRINGS = YES;
				SWIFT_VERSION = 5.0;
				TARGETED_DEVICE_FAMILY = "1,2";
			};
			name = Release;
		};
		1CC157D927C5720E008C6919 /* Debug */ = {
			isa = XCBuildConfiguration;
			buildSettings = {
				ALWAYS_EMBED_SWIFT_STANDARD_LIBRARIES = YES;
				BUNDLE_LOADER = "$(TEST_HOST)";
				CODE_SIGN_STYLE = Automatic;
				CURRENT_PROJECT_VERSION = 1;
				GENERATE_INFOPLIST_FILE = YES;
				IPHONEOS_DEPLOYMENT_TARGET = 15.2;
				MARKETING_VERSION = 1.0;
				PRODUCT_BUNDLE_IDENTIFIER = com.gizemfitoz.ShoppingAppTests;
				PRODUCT_NAME = "$(TARGET_NAME)";
				SWIFT_EMIT_LOC_STRINGS = NO;
				SWIFT_VERSION = 5.0;
				TARGETED_DEVICE_FAMILY = "1,2";
				TEST_HOST = "$(BUILT_PRODUCTS_DIR)/ShoppingApp.app/ShoppingApp";
			};
			name = Debug;
		};
		1CC157DA27C5720E008C6919 /* Release */ = {
			isa = XCBuildConfiguration;
			buildSettings = {
				ALWAYS_EMBED_SWIFT_STANDARD_LIBRARIES = YES;
				BUNDLE_LOADER = "$(TEST_HOST)";
				CODE_SIGN_STYLE = Automatic;
				CURRENT_PROJECT_VERSION = 1;
				GENERATE_INFOPLIST_FILE = YES;
				IPHONEOS_DEPLOYMENT_TARGET = 15.2;
				MARKETING_VERSION = 1.0;
				PRODUCT_BUNDLE_IDENTIFIER = com.gizemfitoz.ShoppingAppTests;
				PRODUCT_NAME = "$(TARGET_NAME)";
				SWIFT_EMIT_LOC_STRINGS = NO;
				SWIFT_VERSION = 5.0;
				TARGETED_DEVICE_FAMILY = "1,2";
				TEST_HOST = "$(BUILT_PRODUCTS_DIR)/ShoppingApp.app/ShoppingApp";
			};
			name = Release;
		};
		1CC157DC27C5720E008C6919 /* Debug */ = {
			isa = XCBuildConfiguration;
			buildSettings = {
				ALWAYS_EMBED_SWIFT_STANDARD_LIBRARIES = YES;
				CODE_SIGN_STYLE = Automatic;
				CURRENT_PROJECT_VERSION = 1;
				GENERATE_INFOPLIST_FILE = YES;
				MARKETING_VERSION = 1.0;
				PRODUCT_BUNDLE_IDENTIFIER = com.gizemfitoz.ShoppingAppUITests;
				PRODUCT_NAME = "$(TARGET_NAME)";
				SWIFT_EMIT_LOC_STRINGS = NO;
				SWIFT_VERSION = 5.0;
				TARGETED_DEVICE_FAMILY = "1,2";
				TEST_TARGET_NAME = ShoppingApp;
			};
			name = Debug;
		};
		1CC157DD27C5720E008C6919 /* Release */ = {
			isa = XCBuildConfiguration;
			buildSettings = {
				ALWAYS_EMBED_SWIFT_STANDARD_LIBRARIES = YES;
				CODE_SIGN_STYLE = Automatic;
				CURRENT_PROJECT_VERSION = 1;
				GENERATE_INFOPLIST_FILE = YES;
				MARKETING_VERSION = 1.0;
				PRODUCT_BUNDLE_IDENTIFIER = com.gizemfitoz.ShoppingAppUITests;
				PRODUCT_NAME = "$(TARGET_NAME)";
				SWIFT_EMIT_LOC_STRINGS = NO;
				SWIFT_VERSION = 5.0;
				TARGETED_DEVICE_FAMILY = "1,2";
				TEST_TARGET_NAME = ShoppingApp;
			};
			name = Release;
		};
/* End XCBuildConfiguration section */

/* Begin XCConfigurationList section */
		1CC157A627C5720C008C6919 /* Build configuration list for PBXProject "ShoppingApp" */ = {
			isa = XCConfigurationList;
			buildConfigurations = (
				1CC157D327C5720E008C6919 /* Debug */,
				1CC157D427C5720E008C6919 /* Release */,
			);
			defaultConfigurationIsVisible = 0;
			defaultConfigurationName = Release;
		};
		1CC157D527C5720E008C6919 /* Build configuration list for PBXNativeTarget "ShoppingApp" */ = {
			isa = XCConfigurationList;
			buildConfigurations = (
				1CC157D627C5720E008C6919 /* Debug */,
				1CC157D727C5720E008C6919 /* Release */,
			);
			defaultConfigurationIsVisible = 0;
			defaultConfigurationName = Release;
		};
		1CC157D827C5720E008C6919 /* Build configuration list for PBXNativeTarget "ShoppingAppTests" */ = {
			isa = XCConfigurationList;
			buildConfigurations = (
				1CC157D927C5720E008C6919 /* Debug */,
				1CC157DA27C5720E008C6919 /* Release */,
			);
			defaultConfigurationIsVisible = 0;
			defaultConfigurationName = Release;
		};
		1CC157DB27C5720E008C6919 /* Build configuration list for PBXNativeTarget "ShoppingAppUITests" */ = {
			isa = XCConfigurationList;
			buildConfigurations = (
				1CC157DC27C5720E008C6919 /* Debug */,
				1CC157DD27C5720E008C6919 /* Release */,
			);
			defaultConfigurationIsVisible = 0;
			defaultConfigurationName = Release;
		};
/* End XCConfigurationList section */

/* Begin XCRemoteSwiftPackageReference section */
		1CC1580127C825A9008C6919 /* XCRemoteSwiftPackageReference "SDWebImage" */ = {
			isa = XCRemoteSwiftPackageReference;
			repositoryURL = "https://github.com/SDWebImage/SDWebImage";
			requirement = {
				branch = master;
				kind = branch;
			};
		};
/* End XCRemoteSwiftPackageReference section */

/* Begin XCSwiftPackageProductDependency section */
		1CC157F827C58819008C6919 /* Service */ = {
			isa = XCSwiftPackageProductDependency;
			productName = Service;
		};
		1CC1580227C825A9008C6919 /* SDWebImage */ = {
			isa = XCSwiftPackageProductDependency;
			package = 1CC1580127C825A9008C6919 /* XCRemoteSwiftPackageReference "SDWebImage" */;
			productName = SDWebImage;
		};
/* End XCSwiftPackageProductDependency section */
	};
	rootObject = 1CC157A327C5720C008C6919 /* Project object */;
}
